
Microsoft Visual Studio Solution File, Format Version 12.00
# Visual Studio 14
VisualStudioVersion = 14.0.23107.0
MinimumVisualStudioVersion = 10.0.40219.1
Project("{FAE04EC0-301F-11D3-BF4B-00C04F79EFBC}") = "FreshMvvm.Sample", "FreshMvvm.Sample\FreshMvvm.Sample\FreshMvvm.Sample.csproj", "{07D2FF9E-BDD1-4B48-B34E-EEA769224911}"
EndProject
Project("{FAE04EC0-301F-11D3-BF4B-00C04F79EFBC}") = "FreshMvvm.Sample.iOS", "FreshMvvm.Sample\FreshMvvm.Sample.iOS\FreshMvvm.Sample.iOS.csproj", "{9B998F16-C0A5-4B19-A22E-18E9176BF50A}"
EndProject
Project("{FAE04EC0-301F-11D3-BF4B-00C04F79EFBC}") = "FreshMvvm.Sample.Droid", "FreshMvvm.Sample\FreshMvvm.Sample.Droid\FreshMvvm.Sample.Droid.csproj", "{6BAE03DE-DE1A-49D5-AFF1-8402F678F1FF}"
EndProject
Project("{FAE04EC0-301F-11D3-BF4B-00C04F79EFBC}") = "FreshMvvm.Sample.WinPhone", "FreshMvvm.Sample\FreshMvvm.Sample.WinPhone\FreshMvvm.Sample.WinPhone.csproj", "{A02601E8-1A35-4BFD-82A3-6AFA23604729}"
EndProject
Global
	GlobalSection(SolutionConfigurationPlatforms) = preSolution
		Ad-Hoc|Any CPU = Ad-Hoc|Any CPU
		Ad-Hoc|ARM = Ad-Hoc|ARM
		Ad-Hoc|iPhone = Ad-Hoc|iPhone
		Ad-Hoc|iPhoneSimulator = Ad-Hoc|iPhoneSimulator
		Ad-Hoc|x86 = Ad-Hoc|x86
		AppStore|Any CPU = AppStore|Any CPU
		AppStore|ARM = AppStore|ARM
		AppStore|iPhone = AppStore|iPhone
		AppStore|iPhoneSimulator = AppStore|iPhoneSimulator
		AppStore|x86 = AppStore|x86
		Debug|Any CPU = Debug|Any CPU
		Debug|ARM = Debug|ARM
		Debug|iPhone = Debug|iPhone
		Debug|iPhoneSimulator = Debug|iPhoneSimulator
		Debug|x86 = Debug|x86
		Release|Any CPU = Release|Any CPU
		Release|ARM = Release|ARM
		Release|iPhone = Release|iPhone
		Release|iPhoneSimulator = Release|iPhoneSimulator
		Release|x86 = Release|x86
	EndGlobalSection
	GlobalSection(ProjectConfigurationPlatforms) = postSolution
		{07D2FF9E-BDD1-4B48-B34E-EEA769224911}.Ad-Hoc|Any CPU.ActiveCfg = Release|Any CPU
		{07D2FF9E-BDD1-4B48-B34E-EEA769224911}.Ad-Hoc|Any CPU.Build.0 = Release|Any CPU
		{07D2FF9E-BDD1-4B48-B34E-EEA769224911}.Ad-Hoc|ARM.ActiveCfg = Release|Any CPU
		{07D2FF9E-BDD1-4B48-B34E-EEA769224911}.Ad-Hoc|ARM.Build.0 = Release|Any CPU
		{07D2FF9E-BDD1-4B48-B34E-EEA769224911}.Ad-Hoc|iPhone.ActiveCfg = Release|Any CPU
		{07D2FF9E-BDD1-4B48-B34E-EEA769224911}.Ad-Hoc|iPhone.Build.0 = Release|Any CPU
		{07D2FF9E-BDD1-4B48-B34E-EEA769224911}.Ad-Hoc|iPhoneSimulator.ActiveCfg = Release|Any CPU
		{07D2FF9E-BDD1-4B48-B34E-EEA769224911}.Ad-Hoc|iPhoneSimulator.Build.0 = Release|Any CPU
		{07D2FF9E-BDD1-4B48-B34E-EEA769224911}.Ad-Hoc|x86.ActiveCfg = Release|Any CPU
		{07D2FF9E-BDD1-4B48-B34E-EEA769224911}.Ad-Hoc|x86.Build.0 = Release|Any CPU
		{07D2FF9E-BDD1-4B48-B34E-EEA769224911}.AppStore|Any CPU.ActiveCfg = Release|Any CPU
		{07D2FF9E-BDD1-4B48-B34E-EEA769224911}.AppStore|Any CPU.Build.0 = Release|Any CPU
		{07D2FF9E-BDD1-4B48-B34E-EEA769224911}.AppStore|ARM.ActiveCfg = Release|Any CPU
		{07D2FF9E-BDD1-4B48-B34E-EEA769224911}.AppStore|ARM.Build.0 = Release|Any CPU
		{07D2FF9E-BDD1-4B48-B34E-EEA769224911}.AppStore|iPhone.ActiveCfg = Release|Any CPU
		{07D2FF9E-BDD1-4B48-B34E-EEA769224911}.AppStore|iPhone.Build.0 = Release|Any CPU
		{07D2FF9E-BDD1-4B48-B34E-EEA769224911}.AppStore|iPhoneSimulator.ActiveCfg = Release|Any CPU
		{07D2FF9E-BDD1-4B48-B34E-EEA769224911}.AppStore|iPhoneSimulator.Build.0 = Release|Any CPU
		{07D2FF9E-BDD1-4B48-B34E-EEA769224911}.AppStore|x86.ActiveCfg = Release|Any CPU
		{07D2FF9E-BDD1-4B48-B34E-EEA769224911}.AppStore|x86.Build.0 = Release|Any CPU
		{07D2FF9E-BDD1-4B48-B34E-EEA769224911}.Debug|Any CPU.ActiveCfg = Debug|Any CPU
		{07D2FF9E-BDD1-4B48-B34E-EEA769224911}.Debug|Any CPU.Build.0 = Debug|Any CPU
		{07D2FF9E-BDD1-4B48-B34E-EEA769224911}.Debug|ARM.ActiveCfg = Debug|Any CPU
		{07D2FF9E-BDD1-4B48-B34E-EEA769224911}.Debug|ARM.Build.0 = Debug|Any CPU
		{07D2FF9E-BDD1-4B48-B34E-EEA769224911}.Debug|iPhone.ActiveCfg = Debug|Any CPU
		{07D2FF9E-BDD1-4B48-B34E-EEA769224911}.Debug|iPhone.Build.0 = Debug|Any CPU
		{07D2FF9E-BDD1-4B48-B34E-EEA769224911}.Debug|iPhoneSimulator.ActiveCfg = Debug|Any CPU
		{07D2FF9E-BDD1-4B48-B34E-EEA769224911}.Debug|iPhoneSimulator.Build.0 = Debug|Any CPU
		{07D2FF9E-BDD1-4B48-B34E-EEA769224911}.Debug|x86.ActiveCfg = Debug|Any CPU
		{07D2FF9E-BDD1-4B48-B34E-EEA769224911}.Debug|x86.Build.0 = Debug|Any CPU
		{07D2FF9E-BDD1-4B48-B34E-EEA769224911}.Release|Any CPU.ActiveCfg = Release|Any CPU
		{07D2FF9E-BDD1-4B48-B34E-EEA769224911}.Release|Any CPU.Build.0 = Release|Any CPU
		{07D2FF9E-BDD1-4B48-B34E-EEA769224911}.Release|ARM.ActiveCfg = Release|Any CPU
		{07D2FF9E-BDD1-4B48-B34E-EEA769224911}.Release|ARM.Build.0 = Release|Any CPU
		{07D2FF9E-BDD1-4B48-B34E-EEA769224911}.Release|iPhone.ActiveCfg = Release|Any CPU
		{07D2FF9E-BDD1-4B48-B34E-EEA769224911}.Release|iPhone.Build.0 = Release|Any CPU
		{07D2FF9E-BDD1-4B48-B34E-EEA769224911}.Release|iPhoneSimulator.ActiveCfg = Release|Any CPU
		{07D2FF9E-BDD1-4B48-B34E-EEA769224911}.Release|iPhoneSimulator.Build.0 = Release|Any CPU
		{07D2FF9E-BDD1-4B48-B34E-EEA769224911}.Release|x86.ActiveCfg = Release|Any CPU
		{07D2FF9E-BDD1-4B48-B34E-EEA769224911}.Release|x86.Build.0 = Release|Any CPU
		{9B998F16-C0A5-4B19-A22E-18E9176BF50A}.Ad-Hoc|Any CPU.ActiveCfg = Ad-Hoc|iPhone
		{9B998F16-C0A5-4B19-A22E-18E9176BF50A}.Ad-Hoc|ARM.ActiveCfg = Ad-Hoc|iPhone
		{9B998F16-C0A5-4B19-A22E-18E9176BF50A}.Ad-Hoc|iPhone.ActiveCfg = Ad-Hoc|iPhone
		{9B998F16-C0A5-4B19-A22E-18E9176BF50A}.Ad-Hoc|iPhone.Build.0 = Ad-Hoc|iPhone
		{9B998F16-C0A5-4B19-A22E-18E9176BF50A}.Ad-Hoc|iPhoneSimulator.ActiveCfg = Ad-Hoc|iPhoneSimulator
		{9B998F16-C0A5-4B19-A22E-18E9176BF50A}.Ad-Hoc|iPhoneSimulator.Build.0 = Ad-Hoc|iPhoneSimulator
		{9B998F16-C0A5-4B19-A22E-18E9176BF50A}.Ad-Hoc|x86.ActiveCfg = Ad-Hoc|iPhone
		{9B998F16-C0A5-4B19-A22E-18E9176BF50A}.AppStore|Any CPU.ActiveCfg = AppStore|iPhone
		{9B998F16-C0A5-4B19-A22E-18E9176BF50A}.AppStore|ARM.ActiveCfg = AppStore|iPhone
		{9B998F16-C0A5-4B19-A22E-18E9176BF50A}.AppStore|iPhone.ActiveCfg = AppStore|iPhone
		{9B998F16-C0A5-4B19-A22E-18E9176BF50A}.AppStore|iPhone.Build.0 = AppStore|iPhone
		{9B998F16-C0A5-4B19-A22E-18E9176BF50A}.AppStore|iPhoneSimulator.ActiveCfg = AppStore|iPhoneSimulator
		{9B998F16-C0A5-4B19-A22E-18E9176BF50A}.AppStore|iPhoneSimulator.Build.0 = AppStore|iPhoneSimulator
		{9B998F16-C0A5-4B19-A22E-18E9176BF50A}.AppStore|x86.ActiveCfg = AppStore|iPhone
		{9B998F16-C0A5-4B19-A22E-18E9176BF50A}.Debug|Any CPU.ActiveCfg = Debug|iPhone
		{9B998F16-C0A5-4B19-A22E-18E9176BF50A}.Debug|ARM.ActiveCfg = Debug|iPhone
		{9B998F16-C0A5-4B19-A22E-18E9176BF50A}.Debug|iPhone.ActiveCfg = Debug|iPhone
		{9B998F16-C0A5-4B19-A22E-18E9176BF50A}.Debug|iPhone.Build.0 = Debug|iPhone
		{9B998F16-C0A5-4B19-A22E-18E9176BF50A}.Debug|iPhoneSimulator.ActiveCfg = Debug|iPhoneSimulator
		{9B998F16-C0A5-4B19-A22E-18E9176BF50A}.Debug|iPhoneSimulator.Build.0 = Debug|iPhoneSimulator
		{9B998F16-C0A5-4B19-A22E-18E9176BF50A}.Debug|x86.ActiveCfg = Debug|iPhone
		{9B998F16-C0A5-4B19-A22E-18E9176BF50A}.Release|Any CPU.ActiveCfg = Release|iPhone
		{9B998F16-C0A5-4B19-A22E-18E9176BF50A}.Release|ARM.ActiveCfg = Release|iPhone
		{9B998F16-C0A5-4B19-A22E-18E9176BF50A}.Release|iPhone.ActiveCfg = Release|iPhone
		{9B998F16-C0A5-4B19-A22E-18E9176BF50A}.Release|iPhone.Build.0 = Release|iPhone
		{9B998F16-C0A5-4B19-A22E-18E9176BF50A}.Release|iPhoneSimulator.ActiveCfg = Release|iPhoneSimulator
		{9B998F16-C0A5-4B19-A22E-18E9176BF50A}.Release|iPhoneSimulator.Build.0 = Release|iPhoneSimulator
		{9B998F16-C0A5-4B19-A22E-18E9176BF50A}.Release|x86.ActiveCfg = Release|iPhone
		{6BAE03DE-DE1A-49D5-AFF1-8402F678F1FF}.Ad-Hoc|Any CPU.ActiveCfg = Release|Any CPU
		{6BAE03DE-DE1A-49D5-AFF1-8402F678F1FF}.Ad-Hoc|Any CPU.Build.0 = Release|Any CPU
		{6BAE03DE-DE1A-49D5-AFF1-8402F678F1FF}.Ad-Hoc|Any CPU.Deploy.0 = Release|Any CPU
		{6BAE03DE-DE1A-49D5-AFF1-8402F678F1FF}.Ad-Hoc|ARM.ActiveCfg = Release|Any CPU
		{6BAE03DE-DE1A-49D5-AFF1-8402F678F1FF}.Ad-Hoc|ARM.Build.0 = Release|Any CPU
		{6BAE03DE-DE1A-49D5-AFF1-8402F678F1FF}.Ad-Hoc|ARM.Deploy.0 = Release|Any CPU
		{6BAE03DE-DE1A-49D5-AFF1-8402F678F1FF}.Ad-Hoc|iPhone.ActiveCfg = Release|Any CPU
		{6BAE03DE-DE1A-49D5-AFF1-8402F678F1FF}.Ad-Hoc|iPhone.Build.0 = Release|Any CPU
		{6BAE03DE-DE1A-49D5-AFF1-8402F678F1FF}.Ad-Hoc|iPhone.Deploy.0 = Release|Any CPU
		{6BAE03DE-DE1A-49D5-AFF1-8402F678F1FF}.Ad-Hoc|iPhoneSimulator.ActiveCfg = Release|Any CPU
		{6BAE03DE-DE1A-49D5-AFF1-8402F678F1FF}.Ad-Hoc|iPhoneSimulator.Build.0 = Release|Any CPU
		{6BAE03DE-DE1A-49D5-AFF1-8402F678F1FF}.Ad-Hoc|iPhoneSimulator.Deploy.0 = Release|Any CPU
		{6BAE03DE-DE1A-49D5-AFF1-8402F678F1FF}.Ad-Hoc|x86.ActiveCfg = Release|Any CPU
		{6BAE03DE-DE1A-49D5-AFF1-8402F678F1FF}.Ad-Hoc|x86.Build.0 = Release|Any CPU
		{6BAE03DE-DE1A-49D5-AFF1-8402F678F1FF}.Ad-Hoc|x86.Deploy.0 = Release|Any CPU
		{6BAE03DE-DE1A-49D5-AFF1-8402F678F1FF}.AppStore|Any CPU.ActiveCfg = Release|Any CPU
		{6BAE03DE-DE1A-49D5-AFF1-8402F678F1FF}.AppStore|Any CPU.Build.0 = Release|Any CPU
		{6BAE03DE-DE1A-49D5-AFF1-8402F678F1FF}.AppStore|Any CPU.Deploy.0 = Release|Any CPU
		{6BAE03DE-DE1A-49D5-AFF1-8402F678F1FF}.AppStore|ARM.ActiveCfg = Release|Any CPU
		{6BAE03DE-DE1A-49D5-AFF1-8402F678F1FF}.AppStore|ARM.Build.0 = Release|Any CPU
		{6BAE03DE-DE1A-49D5-AFF1-8402F678F1FF}.AppStore|ARM.Deploy.0 = Release|Any CPU
		{6BAE03DE-DE1A-49D5-AFF1-8402F678F1FF}.AppStore|iPhone.ActiveCfg = Release|Any CPU
		{6BAE03DE-DE1A-49D5-AFF1-8402F678F1FF}.AppStore|iPhone.Build.0 = Release|Any CPU
		{6BAE03DE-DE1A-49D5-AFF1-8402F678F1FF}.AppStore|iPhone.Deploy.0 = Release|Any CPU
		{6BAE03DE-DE1A-49D5-AFF1-8402F678F1FF}.AppStore|iPhoneSimulator.ActiveCfg = Release|Any CPU
		{6BAE03DE-DE1A-49D5-AFF1-8402F678F1FF}.AppStore|iPhoneSimulator.Build.0 = Release|Any CPU
		{6BAE03DE-DE1A-49D5-AFF1-8402F678F1FF}.AppStore|iPhoneSimulator.Deploy.0 = Release|Any CPU
		{6BAE03DE-DE1A-49D5-AFF1-8402F678F1FF}.AppStore|x86.ActiveCfg = Release|Any CPU
		{6BAE03DE-DE1A-49D5-AFF1-8402F678F1FF}.AppStore|x86.Build.0 = Release|Any CPU
		{6BAE03DE-DE1A-49D5-AFF1-8402F678F1FF}.AppStore|x86.Deploy.0 = Release|Any CPU
		{6BAE03DE-DE1A-49D5-AFF1-8402F678F1FF}.Debug|Any CPU.ActiveCfg = Debug|Any CPU
		{6BAE03DE-DE1A-49D5-AFF1-8402F678F1FF}.Debug|Any CPU.Build.0 = Debug|Any CPU
		{6BAE03DE-DE1A-49D5-AFF1-8402F678F1FF}.Debug|Any CPU.Deploy.0 = Debug|Any CPU
		{6BAE03DE-DE1A-49D5-AFF1-8402F678F1FF}.Debug|ARM.ActiveCfg = Debug|Any CPU
		{6BAE03DE-DE1A-49D5-AFF1-8402F678F1FF}.Debug|ARM.Build.0 = Debug|Any CPU
		{6BAE03DE-DE1A-49D5-AFF1-8402F678F1FF}.Debug|ARM.Deploy.0 = Debug|Any CPU
		{6BAE03DE-DE1A-49D5-AFF1-8402F678F1FF}.Debug|iPhone.ActiveCfg = Debug|Any CPU
		{6BAE03DE-DE1A-49D5-AFF1-8402F678F1FF}.Debug|iPhone.Build.0 = Debug|Any CPU
		{6BAE03DE-DE1A-49D5-AFF1-8402F678F1FF}.Debug|iPhone.Deploy.0 = Debug|Any CPU
		{6BAE03DE-DE1A-49D5-AFF1-8402F678F1FF}.Debug|iPhoneSimulator.ActiveCfg = Debug|Any CPU
		{6BAE03DE-DE1A-49D5-AFF1-8402F678F1FF}.Debug|iPhoneSimulator.Build.0 = Debug|Any CPU
		{6BAE03DE-DE1A-49D5-AFF1-8402F678F1FF}.Debug|iPhoneSimulator.Deploy.0 = Debug|Any CPU
		{6BAE03DE-DE1A-49D5-AFF1-8402F678F1FF}.Debug|x86.ActiveCfg = Debug|Any CPU
		{6BAE03DE-DE1A-49D5-AFF1-8402F678F1FF}.Debug|x86.Build.0 = Debug|Any CPU
		{6BAE03DE-DE1A-49D5-AFF1-8402F678F1FF}.Debug|x86.Deploy.0 = Debug|Any CPU
		{6BAE03DE-DE1A-49D5-AFF1-8402F678F1FF}.Release|Any CPU.ActiveCfg = Release|Any CPU
		{6BAE03DE-DE1A-49D5-AFF1-8402F678F1FF}.Release|Any CPU.Build.0 = Release|Any CPU
		{6BAE03DE-DE1A-49D5-AFF1-8402F678F1FF}.Release|Any CPU.Deploy.0 = Release|Any CPU
		{6BAE03DE-DE1A-49D5-AFF1-8402F678F1FF}.Release|ARM.ActiveCfg = Release|Any CPU
		{6BAE03DE-DE1A-49D5-AFF1-8402F678F1FF}.Release|ARM.Build.0 = Release|Any CPU
		{6BAE03DE-DE1A-49D5-AFF1-8402F678F1FF}.Release|ARM.Deploy.0 = Release|Any CPU
		{6BAE03DE-DE1A-49D5-AFF1-8402F678F1FF}.Release|iPhone.ActiveCfg = Release|Any CPU
		{6BAE03DE-DE1A-49D5-AFF1-8402F678F1FF}.Release|iPhone.Build.0 = Release|Any CPU
		{6BAE03DE-DE1A-49D5-AFF1-8402F678F1FF}.Release|iPhone.Deploy.0 = Release|Any CPU
		{6BAE03DE-DE1A-49D5-AFF1-8402F678F1FF}.Release|iPhoneSimulator.ActiveCfg = Release|Any CPU
		{6BAE03DE-DE1A-49D5-AFF1-8402F678F1FF}.Release|iPhoneSimulator.Build.0 = Release|Any CPU
		{6BAE03DE-DE1A-49D5-AFF1-8402F678F1FF}.Release|iPhoneSimulator.Deploy.0 = Release|Any CPU
		{6BAE03DE-DE1A-49D5-AFF1-8402F678F1FF}.Release|x86.ActiveCfg = Release|Any CPU
		{6BAE03DE-DE1A-49D5-AFF1-8402F678F1FF}.Release|x86.Build.0 = Release|Any CPU
		{6BAE03DE-DE1A-49D5-AFF1-8402F678F1FF}.Release|x86.Deploy.0 = Release|Any CPU
		{A02601E8-1A35-4BFD-82A3-6AFA23604729}.Ad-Hoc|Any CPU.ActiveCfg = Release|Any CPU
		{A02601E8-1A35-4BFD-82A3-6AFA23604729}.Ad-Hoc|Any CPU.Build.0 = Release|Any CPU
		{A02601E8-1A35-4BFD-82A3-6AFA23604729}.Ad-Hoc|Any CPU.Deploy.0 = Release|Any CPU
		{A02601E8-1A35-4BFD-82A3-6AFA23604729}.Ad-Hoc|ARM.ActiveCfg = Release|ARM
		{A02601E8-1A35-4BFD-82A3-6AFA23604729}.Ad-Hoc|ARM.Build.0 = Release|ARM
		{A02601E8-1A35-4BFD-82A3-6AFA23604729}.Ad-Hoc|ARM.Deploy.0 = Release|ARM
		{A02601E8-1A35-4BFD-82A3-6AFA23604729}.Ad-Hoc|iPhone.ActiveCfg = Release|Any CPU
		{A02601E8-1A35-4BFD-82A3-6AFA23604729}.Ad-Hoc|iPhone.Build.0 = Release|Any CPU
		{A02601E8-1A35-4BFD-82A3-6AFA23604729}.Ad-Hoc|iPhone.Deploy.0 = Release|Any CPU
		{A02601E8-1A35-4BFD-82A3-6AFA23604729}.Ad-Hoc|iPhoneSimulator.ActiveCfg = Release|Any CPU
		{A02601E8-1A35-4BFD-82A3-6AFA23604729}.Ad-Hoc|iPhoneSimulator.Build.0 = Release|Any CPU
		{A02601E8-1A35-4BFD-82A3-6AFA23604729}.Ad-Hoc|iPhoneSimulator.Deploy.0 = Release|Any CPU
		{A02601E8-1A35-4BFD-82A3-6AFA23604729}.Ad-Hoc|x86.ActiveCfg = Release|x86
		{A02601E8-1A35-4BFD-82A3-6AFA23604729}.Ad-Hoc|x86.Build.0 = Release|x86
		{A02601E8-1A35-4BFD-82A3-6AFA23604729}.Ad-Hoc|x86.Deploy.0 = Release|x86
		{A02601E8-1A35-4BFD-82A3-6AFA23604729}.AppStore|Any CPU.ActiveCfg = Release|Any CPU
		{A02601E8-1A35-4BFD-82A3-6AFA23604729}.AppStore|Any CPU.Build.0 = Release|Any CPU
		{A02601E8-1A35-4BFD-82A3-6AFA23604729}.AppStore|Any CPU.Deploy.0 = Release|Any CPU
		{A02601E8-1A35-4BFD-82A3-6AFA23604729}.AppStore|ARM.ActiveCfg = Release|ARM
		{A02601E8-1A35-4BFD-82A3-6AFA23604729}.AppStore|ARM.Build.0 = Release|ARM
		{A02601E8-1A35-4BFD-82A3-6AFA23604729}.AppStore|ARM.Deploy.0 = Release|ARM
		{A02601E8-1A35-4BFD-82A3-6AFA23604729}.AppStore|iPhone.ActiveCfg = Release|Any CPU
		{A02601E8-1A35-4BFD-82A3-6AFA23604729}.AppStore|iPhone.Build.0 = Release|Any CPU
		{A02601E8-1A35-4BFD-82A3-6AFA23604729}.AppStore|iPhone.Deploy.0 = Release|Any CPU
		{A02601E8-1A35-4BFD-82A3-6AFA23604729}.AppStore|iPhoneSimulator.ActiveCfg = Release|Any CPU
		{A02601E8-1A35-4BFD-82A3-6AFA23604729}.AppStore|iPhoneSimulator.Build.0 = Release|Any CPU
		{A02601E8-1A35-4BFD-82A3-6AFA23604729}.AppStore|iPhoneSimulator.Deploy.0 = Release|Any CPU
		{A02601E8-1A35-4BFD-82A3-6AFA23604729}.AppStore|x86.ActiveCfg = Release|x86
		{A02601E8-1A35-4BFD-82A3-6AFA23604729}.AppStore|x86.Build.0 = Release|x86
		{A02601E8-1A35-4BFD-82A3-6AFA23604729}.AppStore|x86.Deploy.0 = Release|x86
		{A02601E8-1A35-4BFD-82A3-6AFA23604729}.Debug|Any CPU.ActiveCfg = Debug|Any CPU
		{A02601E8-1A35-4BFD-82A3-6AFA23604729}.Debug|Any CPU.Build.0 = Debug|Any CPU
		{A02601E8-1A35-4BFD-82A3-6AFA23604729}.Debug|Any CPU.Deploy.0 = Debug|Any CPU
		{A02601E8-1A35-4BFD-82A3-6AFA23604729}.Debug|ARM.ActiveCfg = Debug|ARM
		{A02601E8-1A35-4BFD-82A3-6AFA23604729}.Debug|ARM.Build.0 = Debug|ARM
		{A02601E8-1A35-4BFD-82A3-6AFA23604729}.Debug|ARM.Deploy.0 = Debug|ARM
		{A02601E8-1A35-4BFD-82A3-6AFA23604729}.Debug|iPhone.ActiveCfg = Debug|Any CPU
		{A02601E8-1A35-4BFD-82A3-6AFA23604729}.Debug|iPhone.Build.0 = Debug|Any CPU
		{A02601E8-1A35-4BFD-82A3-6AFA23604729}.Debug|iPhone.Deploy.0 = Debug|Any CPU
		{A02601E8-1A35-4BFD-82A3-6AFA23604729}.Debug|iPhoneSimulator.ActiveCfg = Debug|Any CPU
		{A02601E8-1A35-4BFD-82A3-6AFA23604729}.Debug|iPhoneSimulator.Build.0 = Debug|Any CPU
		{A02601E8-1A35-4BFD-82A3-6AFA23604729}.Debug|iPhoneSimulator.Deploy.0 = Debug|Any CPU
		{A02601E8-1A35-4BFD-82A3-6AFA23604729}.Debug|x86.ActiveCfg = Debug|x86
		{A02601E8-1A35-4BFD-82A3-6AFA23604729}.Debug|x86.Build.0 = Debug|x86
		{A02601E8-1A35-4BFD-82A3-6AFA23604729}.Debug|x86.Deploy.0 = Debug|x86
		{A02601E8-1A35-4BFD-82A3-6AFA23604729}.Release|Any CPU.ActiveCfg = Release|Any CPU
		{A02601E8-1A35-4BFD-82A3-6AFA23604729}.Release|Any CPU.Build.0 = Release|Any CPU
		{A02601E8-1A35-4BFD-82A3-6AFA23604729}.Release|Any CPU.Deploy.0 = Release|Any CPU
		{A02601E8-1A35-4BFD-82A3-6AFA23604729}.Release|ARM.ActiveCfg = Release|ARM
		{A02601E8-1A35-4BFD-82A3-6AFA23604729}.Release|ARM.Build.0 = Release|ARM
		{A02601E8-1A35-4BFD-82A3-6AFA23604729}.Release|ARM.Deploy.0 = Release|ARM
		{A02601E8-1A35-4BFD-82A3-6AFA23604729}.Release|iPhone.ActiveCfg = Release|Any CPU
		{A02601E8-1A35-4BFD-82A3-6AFA23604729}.Release|iPhone.Build.0 = Release|Any CPU
		{A02601E8-1A35-4BFD-82A3-6AFA23604729}.Release|iPhone.Deploy.0 = Release|Any CPU
		{A02601E8-1A35-4BFD-82A3-6AFA23604729}.Release|iPhoneSimulator.ActiveCfg = Release|Any CPU
		{A02601E8-1A35-4BFD-82A3-6AFA23604729}.Release|iPhoneSimulator.Build.0 = Release|Any CPU
		{A02601E8-1A35-4BFD-82A3-6AFA23604729}.Release|iPhoneSimulator.Deploy.0 = Release|Any CPU
		{A02601E8-1A35-4BFD-82A3-6AFA23604729}.Release|x86.ActiveCfg = Release|x86
		{A02601E8-1A35-4BFD-82A3-6AFA23604729}.Release|x86.Build.0 = Release|x86
		{A02601E8-1A35-4BFD-82A3-6AFA23604729}.Release|x86.Deploy.0 = Release|x86
	EndGlobalSection
	GlobalSection(SolutionProperties) = preSolution
		HideSolutionNode = FALSE
	EndGlobalSection
EndGlobal
